
Microsoft Visual Studio Solution File, Format Version 12.00
# Visual Studio Version 17
VisualStudioVersion = 17.11.35222.181
MinimumVisualStudioVersion = 10.0.40219.1
Project("{8BC9CEB8-8B4A-11D0-8D11-00A0C91BC942}") = "lab3", "lab3\lab3.vcxproj", "{91246EA5-2127-45F2-B37D-F4DBAAC11DBE}"
EndProject
Global
	GlobalSection(SolutionConfigurationPlatforms) = preSolution
		Debug|x64 = Debug|x64
		Debug|x86 = Debug|x86
		Release|x64 = Release|x64
		Release|x86 = Release|x86
	EndGlobalSection
	GlobalSection(ProjectConfigurationPlatforms) = postSolution
		{91246EA5-2127-45F2-B37D-F4DBAAC11DBE}.Debug|x64.ActiveCfg = Debug|x64
		{91246EA5-2127-45F2-B37D-F4DBAAC11DBE}.Debug|x64.Build.0 = Debug|x64
		{91246EA5-2127-45F2-B37D-F4DBAAC11DBE}.Debug|x86.ActiveCfg = Debug|Win32
		{91246EA5-2127-45F2-B37D-F4DBAAC11DBE}.Debug|x86.Build.0 = Debug|Win32
		{91246EA5-2127-45F2-B37D-F4DBAAC11DBE}.Release|x64.ActiveCfg = Release|x64
		{91246EA5-2127-45F2-B37D-F4DBAAC11DBE}.Release|x64.Build.0 = Release|x64
		{91246EA5-2127-45F2-B37D-F4DBAAC11DBE}.Release|x86.ActiveCfg = Release|Win32
		{91246EA5-2127-45F2-B37D-F4DBAAC11DBE}.Release|x86.Build.0 = Release|Win32
	EndGlobalSection
	GlobalSection(SolutionProperties) = preSolution
		HideSolutionNode = FALSE
	EndGlobalSection
	GlobalSection(ExtensibilityGlobals) = postSolution
		SolutionGuid = {DCFC4F2F-3F17-4454-868C-1722BE59DEC1}
	EndGlobalSection
EndGlobal
